{
  "name": "repo-text",
  "version": "1.0.0",
  "lockfileVersion": 3,
  "requires": true,
  "packages": {
    "": {
      "name": "repo-text",
      "version": "1.0.0",
      "license": "ISC",
      "dependencies": {
        "ignore": "^7.0.5",
        "repo-text": "^1.0.0"
      },
      "bin": {
        "flatten": "bin/flatter.js",
        "flatter": "bin/flatter.js"
      },
      "engines": {
        "node": ">=10.0.0"
      }
    },
    "node_modules/ignore": {
      "version": "7.0.5",
      "resolved": "https://registry.npmjs.org/ignore/-/ignore-7.0.5.tgz",
      "integrity": "sha512-Hs59xBNfUIunMFgWAbGX5cq6893IbWg4KnrjbYwX3tx0ztorVgTDA6B2sxf8ejHJ4wz8BqGUMYlnzNBer5NvGg==",
      "license": "MIT",
      "engines": {
        "node": ">= 4"
      }
    },
    "node_modules/repo-text": {
      "version": "1.0.0",
      "resolved": "https://registry.npmjs.org/repo-text/-/repo-text-1.0.0.tgz",
      "integrity": "sha512-bAKrL84eRL27DPGOhv542nlAgddTdFlmOEp6xDn3h1+FII+nULWTUkYqsmGwADeYVVlW4RaWw4yMk0YM/BBOnQ==",
      "license": "ISC",
      "bin": {
        "flatten": "bin/flatter.js",
        "flatter": "bin/flatter.js"
      },
      "engines": {
        "node": ">=10.0.0"
      }
    }
  }
}
